# This file was autogenerated by uv via the following command:
#    uv pip compile pyproject.toml --extra dev -o requirements.lock
altair==5.5.0
    # via streamlit
annotated-types==0.7.0
    # via pydantic
anyio==4.9.0
    # via
    #   httpx
    #   openai
    #   starlette
    #   watchfiles
attrs==25.3.0
    # via
    #   jsonschema
    #   referencing
blinker==1.9.0
    # via streamlit
cachetools==6.1.0
    # via streamlit
certifi==2025.7.14
    # via
    #   httpcore
    #   httpx
    #   requests
charset-normalizer==3.4.2
    # via requests
click==8.2.1
    # via
    #   rq
    #   streamlit
    #   uvicorn
distro==1.9.0
    # via openai
fastapi==0.116.1
    # via project-manager-assistant (pyproject.toml)
gitdb==4.0.12
    # via gitpython
gitpython==3.1.45
    # via streamlit
greenlet==3.2.3
    # via sqlalchemy
h11==0.16.0
    # via
    #   httpcore
    #   uvicorn
httpcore==1.0.9
    # via httpx
httptools==0.6.4
    # via uvicorn
httpx==0.28.1
    # via
    #   project-manager-assistant (pyproject.toml)
    #   langgraph-sdk
    #   langsmith
    #   openai
idna==3.10
    # via
    #   anyio
    #   httpx
    #   requests
iniconfig==2.1.0
    # via pytest
jinja2==3.1.6
    # via
    #   altair
    #   pydeck
jiter==0.10.0
    # via openai
jsonpatch==1.33
    # via langchain-core
jsonpointer==3.0.0
    # via jsonpatch
jsonschema==4.25.0
    # via altair
jsonschema-specifications==2025.4.1
    # via jsonschema
langchain==0.3.27
    # via project-manager-assistant (pyproject.toml)
langchain-core==0.3.72
    # via
    #   langchain
    #   langchain-openai
    #   langchain-text-splitters
    #   langgraph
    #   langgraph-checkpoint
    #   langgraph-prebuilt
langchain-openai==0.3.28
    # via project-manager-assistant (pyproject.toml)
langchain-text-splitters==0.3.9
    # via langchain
langgraph==0.6.0
    # via project-manager-assistant (pyproject.toml)
langgraph-checkpoint==2.1.1
    # via
    #   langgraph
    #   langgraph-prebuilt
langgraph-prebuilt==0.6.0
    # via langgraph
langgraph-sdk==0.2.0
    # via langgraph
langsmith==0.4.8
    # via
    #   langchain
    #   langchain-core
loguru==0.7.3
    # via project-manager-assistant (pyproject.toml)
markupsafe==3.0.2
    # via jinja2
narwhals==2.0.0
    # via
    #   altair
    #   plotly
networkx==3.5
    # via project-manager-assistant (pyproject.toml)
numpy==2.3.2
    # via
    #   pandas
    #   pydeck
    #   streamlit
openai==1.97.1
    # via langchain-openai
orjson==3.11.1
    # via
    #   langgraph-sdk
    #   langsmith
ormsgpack==1.10.0
    # via langgraph-checkpoint
packaging==25.0
    # via
    #   altair
    #   langchain-core
    #   langsmith
    #   plotly
    #   pytest
    #   streamlit
pandas==2.3.1
    # via
    #   project-manager-assistant (pyproject.toml)
    #   streamlit
pillow==11.3.0
    # via streamlit
plotly==6.2.0
    # via project-manager-assistant (pyproject.toml)
pluggy==1.6.0
    # via pytest
protobuf==6.31.1
    # via streamlit
pyarrow==21.0.0
    # via streamlit
pydantic==2.11.7
    # via
    #   fastapi
    #   langchain
    #   langchain-core
    #   langgraph
    #   langsmith
    #   openai
    #   pydantic-settings
pydantic-core==2.33.2
    # via pydantic
pydantic-settings==2.10.1
    # via project-manager-assistant (pyproject.toml)
pydeck==0.9.1
    # via streamlit
pygments==2.19.2
    # via pytest
pytest==8.4.1
    # via
    #   project-manager-assistant (pyproject.toml)
    #   pytest-mock
pytest-mock==3.14.1
    # via project-manager-assistant (pyproject.toml)
python-dateutil==2.9.0.post0
    # via pandas
python-dotenv==1.1.1
    # via
    #   project-manager-assistant (pyproject.toml)
    #   pydantic-settings
    #   uvicorn
python-multipart==0.0.20
    # via project-manager-assistant (pyproject.toml)
pytz==2025.2
    # via pandas
pyyaml==6.0.2
    # via
    #   langchain
    #   langchain-core
    #   uvicorn
redis==6.2.0
    # via
    #   project-manager-assistant (pyproject.toml)
    #   rq
referencing==0.36.2
    # via
    #   jsonschema
    #   jsonschema-specifications
regex==2024.11.6
    # via tiktoken
requests==2.32.4
    # via
    #   langchain
    #   langsmith
    #   requests-toolbelt
    #   streamlit
    #   tiktoken
requests-toolbelt==1.0.0
    # via langsmith
rpds-py==0.26.0
    # via
    #   jsonschema
    #   referencing
rq==2.4.1
    # via project-manager-assistant (pyproject.toml)
six==1.17.0
    # via python-dateutil
smmap==5.0.2
    # via gitdb
sniffio==1.3.1
    # via
    #   anyio
    #   openai
sqlalchemy==2.0.41
    # via langchain
starlette==0.47.2
    # via fastapi
streamlit==1.47.1
    # via project-manager-assistant (pyproject.toml)
tenacity==9.1.2
    # via
    #   langchain-core
    #   streamlit
tiktoken==0.9.0
    # via langchain-openai
toml==0.10.2
    # via streamlit
tornado==6.5.1
    # via streamlit
tqdm==4.67.1
    # via openai
typing-extensions==4.14.1
    # via
    #   altair
    #   fastapi
    #   langchain-core
    #   openai
    #   pydantic
    #   pydantic-core
    #   sqlalchemy
    #   streamlit
    #   typing-inspection
typing-inspection==0.4.1
    # via
    #   pydantic
    #   pydantic-settings
tzdata==2025.2
    # via pandas
urllib3==2.5.0
    # via requests
uvicorn==0.35.0
    # via project-manager-assistant (pyproject.toml)
uvloop==0.21.0
    # via uvicorn
watchdog==6.0.0
    # via streamlit
watchfiles==1.1.0
    # via uvicorn
websockets==15.0.1
    # via uvicorn
xxhash==3.5.0
    # via langgraph
zstandard==0.23.0
    # via langsmith
